
Microsoft Visual Studio Solution File, Format Version 12.00
# Visual Studio 14
VisualStudioVersion = 14.0.25420.1
MinimumVisualStudioVersion = 10.0.40219.1
Project("{FAE04EC0-301F-11D3-BF4B-00C04F79EFBC}") = "BlogSite", "BlogSite\BlogSite.csproj", "{C085D12A-3624-4B33-A29A-84BF9AF2FAEC}"
EndProject
Global
	GlobalSection(SolutionConfigurationPlatforms) = preSolution
		Debug|Any CPU = Debug|Any CPU
		Release|Any CPU = Release|Any CPU
	EndGlobalSection
	GlobalSection(ProjectConfigurationPlatforms) = postSolution
		{C085D12A-3624-4B33-A29A-84BF9AF2FAEC}.Debug|Any CPU.ActiveCfg = Debug|Any CPU
		{C085D12A-3624-4B33-A29A-84BF9AF2FAEC}.Debug|Any CPU.Build.0 = Debug|Any CPU
		{C085D12A-3624-4B33-A29A-84BF9AF2FAEC}.Release|Any CPU.ActiveCfg = Release|Any CPU
		{C085D12A-3624-4B33-A29A-84BF9AF2FAEC}.Release|Any CPU.Build.0 = Release|Any CPU
	EndGlobalSection
	GlobalSection(SolutionProperties) = preSolution
		HideSolutionNode = FALSE
	EndGlobalSection
EndGlobal
